{
  "version": 4,
  "terraform_version": "1.4.2",
  "serial": 95,
  "lineage": "61b3df5c-7b64-ecdb-f001-6ec0261d891e",
  "outputs": {
    "dns": {
      "value": "mvws92023032519503613620000000b-966781439.eu-west-2.elb.amazonaws.com",
      "type": "string"
    }
  },
  "resources": [
    {
      "mode": "data",
      "type": "aws_ami",
      "name": "amazon_linux",
      "provider": "provider[\"registry.terraform.io/hashicorp/aws\"]",
      "instances": [
        {
          "schema_version": 0,
          "attributes": {
            "architecture": "x86_64",
            "arn": "arn:aws:ec2:eu-west-2::image/ami-0af46197a872cda03",
            "block_device_mappings": [
              {
                "device_name": "/dev/xvda",
                "ebs": {
                  "delete_on_termination": "true",
                  "encrypted": "false",
                  "iops": "0",
                  "snapshot_id": "snap-05e59aeb20a389623",
                  "throughput": "0",
                  "volume_size": "8",
                  "volume_type": "gp2"
                },
                "no_device": "",
                "virtual_name": ""
              }
            ],
            "boot_mode": "",
            "creation_date": "2023-03-22T11:06:59.406Z",
            "deprecation_time": "2025-03-22T11:06:59.406Z",
            "description": "Amazon Linux 2 AMI 2.0.20230320.0 x86_64 HVM gp2",
            "ena_support": true,
            "executable_users": null,
            "filter": [
              {
                "name": "architecture",
                "values": [
                  "x86_64"
                ]
              },
              {
                "name": "name",
                "values": [
                  "amzn2-ami-hvm-*-gp2"
                ]
              },
              {
                "name": "root-device-type",
                "values": [
                  "ebs"
                ]
              },
              {
                "name": "virtualization-type",
                "values": [
                  "hvm"
                ]
              }
            ],
            "hypervisor": "xen",
            "id": "ami-0af46197a872cda03",
            "image_id": "ami-0af46197a872cda03",
            "image_location": "amazon/amzn2-ami-hvm-2.0.20230320.0-x86_64-gp2",
            "image_owner_alias": "amazon",
            "image_type": "machine",
            "imds_support": "",
            "include_deprecated": false,
            "kernel_id": "",
            "most_recent": true,
            "name": "amzn2-ami-hvm-2.0.20230320.0-x86_64-gp2",
            "name_regex": null,
            "owner_id": "137112412989",
            "owners": [
              "amazon"
            ],
            "platform": "",
            "platform_details": "Linux/UNIX",
            "product_codes": [],
            "public": true,
            "ramdisk_id": "",
            "root_device_name": "/dev/xvda",
            "root_device_type": "ebs",
            "root_snapshot_id": "snap-05e59aeb20a389623",
            "sriov_net_support": "simple",
            "state": "available",
            "state_reason": {
              "code": "UNSET",
              "message": "UNSET"
            },
            "tags": {},
            "timeouts": null,
            "tpm_support": "",
            "usage_operation": "RunInstances",
            "virtualization_type": "hvm"
          },
          "sensitive_attributes": []
        }
      ]
    },
    {
      "mode": "data",
      "type": "aws_availability_zones",
      "name": "eu_west_2",
      "provider": "provider[\"registry.terraform.io/hashicorp/aws\"]",
      "instances": [
        {
          "schema_version": 0,
          "attributes": {
            "all_availability_zones": null,
            "exclude_names": null,
            "exclude_zone_ids": null,
            "filter": [
              {
                "name": "opt-in-status",
                "values": [
                  "opt-in-not-required"
                ]
              },
              {
                "name": "region-name",
                "values": [
                  "eu-west-2"
                ]
              }
            ],
            "group_names": [
              "eu-west-2"
            ],
            "id": "eu-west-2",
            "names": [
              "eu-west-2a",
              "eu-west-2b",
              "eu-west-2c"
            ],
            "state": "available",
            "timeouts": null,
            "zone_ids": [
              "euw2-az2",
              "euw2-az3",
              "euw2-az1"
            ]
          },
          "sensitive_attributes": []
        }
      ]
    },
    {
      "mode": "data",
      "type": "aws_iam_policy_document",
      "name": "assume_role",
      "provider": "provider[\"registry.terraform.io/hashicorp/aws\"]",
      "instances": [
        {
          "schema_version": 0,
          "attributes": {
            "id": "1903849331",
            "json": "{\n  \"Version\": \"2012-10-17\",\n  \"Statement\": [\n    {\n      \"Sid\": \"\",\n      \"Effect\": \"Allow\",\n      \"Action\": \"sts:AssumeRole\",\n      \"Principal\": {\n        \"Service\": \"ec2.amazonaws.com\"\n      }\n    }\n  ]\n}",
            "override_json": null,
            "override_policy_documents": null,
            "policy_id": null,
            "source_json": null,
            "source_policy_documents": null,
            "statement": [
              {
                "actions": [
                  "sts:AssumeRole"
                ],
                "condition": [],
                "effect": "Allow",
                "not_actions": [],
                "not_principals": [],
                "not_resources": [],
                "principals": [
                  {
                    "identifiers": [
                      "ec2.amazonaws.com"
                    ],
                    "type": "Service"
                  }
                ],
                "resources": [],
                "sid": ""
              }
            ],
            "version": "2012-10-17"
          },
          "sensitive_attributes": []
        }
      ]
    },
    {
      "mode": "data",
      "type": "aws_iam_policy_document",
      "name": "ec2",
      "provider": "provider[\"registry.terraform.io/hashicorp/aws\"]",
      "instances": [
        {
          "schema_version": 0,
          "attributes": {
            "id": "455600609",
            "json": "{\n  \"Version\": \"2012-10-17\",\n  \"Statement\": [\n    {\n      \"Sid\": \"\",\n      \"Effect\": \"Allow\",\n      \"Action\": \"s3:*\",\n      \"Resource\": \"arn:aws:s3:::*\"\n    }\n  ]\n}",
            "override_json": null,
            "override_policy_documents": null,
            "policy_id": null,
            "source_json": null,
            "source_policy_documents": null,
            "statement": [
              {
                "actions": [
                  "s3:*"
                ],
                "condition": [],
                "effect": "Allow",
                "not_actions": [],
                "not_principals": [],
                "not_resources": [],
                "principals": [],
                "resources": [
                  "arn:aws:s3:::*"
                ],
                "sid": ""
              }
            ],
            "version": "2012-10-17"
          },
          "sensitive_attributes": []
        }
      ]
    },
    {
      "mode": "managed",
      "type": "aws_autoscaling_attachment",
      "name": "this",
      "provider": "provider[\"registry.terraform.io/hashicorp/aws\"]",
      "instances": [
        {
          "schema_version": 0,
          "attributes": {
            "alb_target_group_arn": null,
            "autoscaling_group_name": "mvws92023032519503666380000000c",
            "elb": null,
            "id": "mvws92023032519503666380000000c-2023032519505431040000000d",
            "lb_target_group_arn": "arn:aws:elasticloadbalancing:eu-west-2:805396936170:targetgroup/mvws920230325195033864800000006/68c8ed95a2cbe167"
          },
          "sensitive_attributes": [],
          "private": "bnVsbA==",
          "dependencies": [
            "aws_autoscaling_group.this",
            "aws_iam_instance_profile.this",
            "aws_iam_role.this",
            "aws_launch_template.this",
            "aws_lb_target_group.http",
            "aws_s3_bucket.this",
            "aws_security_group.ec2",
            "aws_subnet.public",
            "aws_vpc.this",
            "data.aws_ami.amazon_linux",
            "data.aws_availability_zones.eu_west_2",
            "data.aws_iam_policy_document.assume_role"
          ]
        }
      ]
    },
    {
      "mode": "managed",
      "type": "aws_autoscaling_group",
      "name": "this",
      "provider": "provider[\"registry.terraform.io/hashicorp/aws\"]",
      "instances": [
        {
          "schema_version": 0,
          "attributes": {
            "arn": "arn:aws:autoscaling:eu-west-2:805396936170:autoScalingGroup:86616982-a92a-49f8-8170-1a36774993ea:autoScalingGroupName/mvws92023032519503666380000000c",
            "availability_zones": [
              "eu-west-2b",
              "eu-west-2c"
            ],
            "capacity_rebalance": false,
            "context": "",
            "default_cooldown": 300,
            "default_instance_warmup": 0,
            "desired_capacity": 1,
            "desired_capacity_type": "",
            "enabled_metrics": null,
            "force_delete": false,
            "force_delete_warm_pool": false,
            "health_check_grace_period": 30,
            "health_check_type": "ELB",
            "id": "mvws92023032519503666380000000c",
            "initial_lifecycle_hook": [],
            "instance_refresh": [
              {
                "preferences": [
                  {
                    "auto_rollback": false,
                    "checkpoint_delay": "",
                    "checkpoint_percentages": null,
                    "instance_warmup": "",
                    "min_healthy_percentage": 50,
                    "skip_matching": false
                  }
                ],
                "strategy": "Rolling",
                "triggers": [
                  "tag"
                ]
              }
            ],
            "launch_configuration": "",
            "launch_template": [
              {
                "id": "lt-037da5a8d0268e112",
                "name": "mvws920230325195036115400000009",
                "version": "$Latest"
              }
            ],
            "load_balancers": null,
            "max_instance_lifetime": 0,
            "max_size": 1,
            "metrics_granularity": "1Minute",
            "min_elb_capacity": null,
            "min_size": 1,
            "mixed_instances_policy": [],
            "name": "mvws92023032519503666380000000c",
            "name_prefix": "mvws9",
            "placement_group": "",
            "protect_from_scale_in": false,
            "service_linked_role_arn": "arn:aws:iam::805396936170:role/aws-service-role/autoscaling.amazonaws.com/AWSServiceRoleForAutoScaling",
            "suspended_processes": null,
            "tag": [
              {
                "key": "Name",
                "propagate_at_launch": true,
                "value": "multiverse"
              }
            ],
            "tags": null,
            "target_group_arns": null,
            "termination_policies": null,
            "timeouts": null,
            "vpc_zone_identifier": [
              "subnet-06f5b7f4073290e0a",
              "subnet-0c99d2ffdcf5f9f82"
            ],
            "wait_for_capacity_timeout": "10m",
            "wait_for_elb_capacity": null,
            "warm_pool": []
          },
          "sensitive_attributes": [],
          "private": "eyJlMmJmYjczMC1lY2FhLTExZTYtOGY4OC0zNDM2M2JjN2M0YzAiOnsiZGVsZXRlIjo2MDAwMDAwMDAwMDAsInVwZGF0ZSI6NjAwMDAwMDAwMDAwfX0=",
          "dependencies": [
            "aws_iam_instance_profile.this",
            "aws_iam_role.this",
            "aws_launch_template.this",
            "aws_s3_bucket.this",
            "aws_security_group.ec2",
            "aws_subnet.public",
            "aws_vpc.this",
            "data.aws_ami.amazon_linux",
            "data.aws_availability_zones.eu_west_2",
            "data.aws_iam_policy_document.assume_role"
          ]
        }
      ]
    },
    {
      "mode": "managed",
      "type": "aws_iam_instance_profile",
      "name": "this",
      "provider": "provider[\"registry.terraform.io/hashicorp/aws\"]",
      "instances": [
        {
          "schema_version": 0,
          "attributes": {
            "arn": "arn:aws:iam::805396936170:instance-profile/mvws920230325195020554800000004",
            "create_date": "2023-03-25T19:50:20Z",
            "id": "mvws920230325195020554800000004",
            "name": "mvws920230325195020554800000004",
            "name_prefix": "mvws9",
            "path": "/",
            "role": "mvws920230325195019973200000001",
            "tags": null,
            "tags_all": {},
            "unique_id": "AIPA3XBLF6XVERSMYLAXU"
          },
          "sensitive_attributes": [],
          "private": "bnVsbA==",
          "dependencies": [
            "aws_iam_role.this",
            "data.aws_iam_policy_document.assume_role"
          ]
        }
      ]
    },
    {
      "mode": "managed",
      "type": "aws_iam_policy",
      "name": "this",
      "provider": "provider[\"registry.terraform.io/hashicorp/aws\"]",
      "instances": [
        {
          "schema_version": 0,
          "attributes": {
            "arn": "arn:aws:iam::805396936170:policy/mvws920230325195019973600000002",
            "description": "",
            "id": "arn:aws:iam::805396936170:policy/mvws920230325195019973600000002",
            "name": "mvws920230325195019973600000002",
            "name_prefix": "mvws9",
            "path": "/",
            "policy": "{\"Statement\":[{\"Action\":\"s3:*\",\"Effect\":\"Allow\",\"Resource\":\"arn:aws:s3:::*\",\"Sid\":\"\"}],\"Version\":\"2012-10-17\"}",
            "policy_id": "ANPA3XBLF6XVIDHBKSGXW",
            "tags": {
              "Name": "multiverse"
            },
            "tags_all": {
              "Name": "multiverse"
            }
          },
          "sensitive_attributes": [],
          "private": "bnVsbA==",
          "dependencies": [
            "data.aws_iam_policy_document.ec2"
          ]
        }
      ]
    },
    {
      "mode": "managed",
      "type": "aws_iam_policy_attachment",
      "name": "this",
      "provider": "provider[\"registry.terraform.io/hashicorp/aws\"]",
      "instances": [
        {
          "schema_version": 0,
          "attributes": {
            "groups": null,
            "id": "mvws9",
            "name": "mvws9",
            "policy_arn": "arn:aws:iam::805396936170:policy/mvws920230325195019973600000002",
            "roles": [
              "mvws920230325195019973200000001"
            ],
            "users": null
          },
          "sensitive_attributes": [],
          "private": "bnVsbA==",
          "dependencies": [
            "aws_iam_policy.this",
            "aws_iam_role.this",
            "data.aws_iam_policy_document.assume_role",
            "data.aws_iam_policy_document.ec2"
          ]
        }
      ]
    },
    {
      "mode": "managed",
      "type": "aws_iam_role",
      "name": "this",
      "provider": "provider[\"registry.terraform.io/hashicorp/aws\"]",
      "instances": [
        {
          "schema_version": 0,
          "attributes": {
            "arn": "arn:aws:iam::805396936170:role/mvws920230325195019973200000001",
            "assume_role_policy": "{\"Statement\":[{\"Action\":\"sts:AssumeRole\",\"Effect\":\"Allow\",\"Principal\":{\"Service\":\"ec2.amazonaws.com\"},\"Sid\":\"\"}],\"Version\":\"2012-10-17\"}",
            "create_date": "2023-03-25T19:50:20Z",
            "description": "",
            "force_detach_policies": false,
            "id": "mvws920230325195019973200000001",
            "inline_policy": [],
            "managed_policy_arns": [],
            "max_session_duration": 3600,
            "name": "mvws920230325195019973200000001",
            "name_prefix": "mvws9",
            "path": "/",
            "permissions_boundary": null,
            "tags": {
              "Name": "multiverse"
            },
            "tags_all": {
              "Name": "multiverse"
            },
            "unique_id": "AROA3XBLF6XVH3LWJ6AXO"
          },
          "sensitive_attributes": [],
          "private": "bnVsbA==",
          "dependencies": [
            "data.aws_iam_policy_document.assume_role"
          ]
        }
      ]
    },
    {
      "mode": "managed",
      "type": "aws_internet_gateway",
      "name": "this",
      "provider": "provider[\"registry.terraform.io/hashicorp/aws\"]",
      "instances": [
        {
          "schema_version": 0,
          "attributes": {
            "arn": "arn:aws:ec2:eu-west-2:805396936170:internet-gateway/igw-0fec3a5a045c7b6ef",
            "id": "igw-0fec3a5a045c7b6ef",
            "owner_id": "805396936170",
            "tags": {
              "Name": "multiverse"
            },
            "tags_all": {
              "Name": "multiverse"
            },
            "timeouts": null,
            "vpc_id": "vpc-07852fed9c330c060"
          },
          "sensitive_attributes": [],
          "private": "eyJlMmJmYjczMC1lY2FhLTExZTYtOGY4OC0zNDM2M2JjN2M0YzAiOnsiY3JlYXRlIjoxMjAwMDAwMDAwMDAwLCJkZWxldGUiOjEyMDAwMDAwMDAwMDAsInVwZGF0ZSI6MTIwMDAwMDAwMDAwMH19",
          "dependencies": [
            "aws_vpc.this"
          ]
        }
      ]
    },
    {
      "mode": "managed",
      "type": "aws_launch_template",
      "name": "this",
      "provider": "provider[\"registry.terraform.io/hashicorp/aws\"]",
      "instances": [
        {
          "schema_version": 0,
          "attributes": {
            "arn": "arn:aws:ec2:eu-west-2:805396936170:launch-template/lt-037da5a8d0268e112",
            "block_device_mappings": [],
            "capacity_reservation_specification": [],
            "cpu_options": [],
            "credit_specification": [],
            "default_version": 1,
            "description": "",
            "disable_api_stop": false,
            "disable_api_termination": false,
            "ebs_optimized": "",
            "elastic_gpu_specifications": [],
            "elastic_inference_accelerator": [],
            "enclave_options": [],
            "hibernation_options": [],
            "iam_instance_profile": [
              {
                "arn": "arn:aws:iam::805396936170:instance-profile/mvws920230325195020554800000004",
                "name": ""
              }
            ],
            "id": "lt-037da5a8d0268e112",
            "image_id": "ami-0af46197a872cda03",
            "instance_initiated_shutdown_behavior": "",
            "instance_market_options": [],
            "instance_requirements": [],
            "instance_type": "t3.micro",
            "kernel_id": "",
            "key_name": "",
            "latest_version": 1,
            "license_specification": [],
            "maintenance_options": [],
            "metadata_options": [],
            "monitoring": [],
            "name": "mvws920230325195036115400000009",
            "name_prefix": "mvws9",
            "network_interfaces": [
              {
                "associate_carrier_ip_address": "",
                "associate_public_ip_address": "true",
                "delete_on_termination": "",
                "description": "",
                "device_index": 0,
                "interface_type": "",
                "ipv4_address_count": 0,
                "ipv4_addresses": null,
                "ipv4_prefix_count": 0,
                "ipv4_prefixes": null,
                "ipv6_address_count": 0,
                "ipv6_addresses": null,
                "ipv6_prefix_count": 0,
                "ipv6_prefixes": null,
                "network_card_index": 0,
                "network_interface_id": "",
                "private_ip_address": "",
                "security_groups": [
                  "sg-00869fddb60e373b5"
                ],
                "subnet_id": ""
              }
            ],
            "placement": [],
            "private_dns_name_options": [],
            "ram_disk_id": "",
            "security_group_names": null,
            "tag_specifications": [],
            "tags": null,
            "tags_all": {},
            "update_default_version": true,
            "user_data": "IyEvYmluL2Jhc2ggLXhlCnl1bSB1cGRhdGUgLXkKeXVtIGluc3RhbGwgLXkgdW56aXAKYW1hem9uLWxpbnV4LWV4dHJhcyBlbmFibGUgbmdpbngxIHB5dGhvbjMKeXVtIGNsZWFuIG1ldGFkYXRhCnl1bSBpbnN0YWxsIC15IG5naW54IHB5dGhvbjMKc3lzdGVtY3RsIGVuYWJsZSBuZ2lueApzeXN0ZW1jdGwgc3RhcnQgbmdpbngKY2F0IDw8RU9UID4gL3Vzci9zaGFyZS9uZ2lueC9odG1sL2luZGV4Lmh0bWwKPGh0bWw+CiAgICA8aGVhZD4KICAgICAgICA8dGl0bGU+RGV2T3BzIEFzc2Vzc21lbnQgMjwvdGl0bGU+CiAgICAgICAgPGxpbmsgcmVsPSJpY29uIiB0eXBlPSJpbWFnZS9zdmcreG1sIiBzaXplcz0iYW55IgogICAgICAgIGhyZWY9Imh0dHBzOi8vbXVsdGl2ZXJzZS5pby9mYXZpY29uLnN2ZyI+CiAgICAgICAgPHN0eWxlPgogICAgICAgICAgICBodG1sIHsKICAgICAgICAgICAgYmFja2dyb3VuZDojMjQyNDU3OwogICAgICAgICAgICBjb2xvcjojZmZmOwogICAgICAgICAgICB0ZXh0LWFsaWduOmNlbnRlcjsKICAgICAgICAgICAgZm9udC13ZWlnaHQ6ODAwOwogICAgICAgICAgICBmb250LXNpemU6MS41cmVtOwogICAgICAgICAgICBtYXJnaW46IDEuNXJlbTsKICAgICAgICAgICAgfQogICAgICAgIDwvc3R5bGU+CiAgICA8L2hlYWQ+CiAgICA8Ym9keT4KICAgICAgICA8cD5IZWxsbyBmcm9tIENsYWlyZSBCYWlsZXktU3dpZnRzIFdvcmtpbmcgU3VydmV5IEFwcGxpY2F0aW9uITwvcD4KICAgIDwvYm9keT4KPC9odG1sPgpFT1QKCm1rZGlyIC1wIC9yb290Ly5hd3MKY2F0IDw8RU9UID4+IC9yb290Ly5hd3MvY29uZmlnCltkZWZhdWx0XQpyZWdpb24gPSBldS13ZXN0LTIKRU9UCgpjYXQgPDxFT1QgPj4gL3Jvb3QvbXZ3czkuc2gKIyEvYmluL2Jhc2gKcm0gLXJmIC9yb290L2NvZGUKbWtkaXIgLXAgL3Jvb3QvY29kZQphd3MgczMgY3AgczM6Ly9tdndzOS1jbGFpcmUyMDIzMDMyNTE5NTAxOTk3NDMwMDAwMDAwMy9jb2RlLnppcCAvdG1wL2NvZGUuemlwCmF3cyBzMyBjcCBzMzovL212d3M5LWNsYWlyZTIwMjMwMzI1MTk1MDE5OTc0MzAwMDAwMDAzL3NjcmlwdDIucHkgL3Jvb3QvY29kZS9weXRob24tc3VydmV5LWFwcC9zY3JpcHQyLnB5CmNkIC9yb290L2NvZGUKdW56aXAgL3RtcC9jb2RlLnppcAp6aXAgLXIgL3RtcC9jb2RlLnppcCAuCmF3cyBzMyBjcCAvdG1wL2NvZGUuemlwIHMzOi8vbXZ3czktY2xhaXJlMjAyMzAzMjUxOTUwMTk5NzQzMDAwMDAwMDMvY29kZS56aXAKYXdzIHMzIGNwIHMzOi8vbXZ3czktY2xhaXJlMjAyMzAzMjUxOTUwMTk5NzQzMDAwMDAwMDMvcmVzdWx0cy5jc3YgL3Jvb3QvY29kZS9yZXN1bHRzLmNzdgpwaXAzIGluc3RhbGwgLXIgcmVxdWlyZW1lbnRzLnR4dApweXRob24zIC9yb290L2NvZGUvcHl0aG9uLXN1cnZleS1hcHAvc2NyaXB0MS5weQpjZCAvcm9vdC9jb2RlL3B5dGhvbi1zdXJ2ZXktYXBwCnB5dGhvbjMgc2NyaXB0Mi5weSA+IC9yb290L2NvZGUvcmVzdWx0cy50eHQgMj4mMQphd3MgczMgY3AgL3Jvb3QvY29kZS9yZXN1bHRzLnR4dCBzMzovL212d3M5LWNsYWlyZTIwMjMwMzI1MTk1MDE5OTc0MzAwMDAwMDAzL3Jlc3VsdHMudHh0CkVPVAoKY2F0IDw8RU9UID4+IC9ldGMvY3Jvbi5kL212d3M5CiogKiAqICogKiByb290IC9iaW4vYmFzaCAvcm9vdC9tdndzOS5zaApFT1QK",
            "vpc_security_group_ids": null
          },
          "sensitive_attributes": [],
          "private": "bnVsbA==",
          "dependencies": [
            "aws_iam_instance_profile.this",
            "aws_iam_role.this",
            "aws_s3_bucket.this",
            "aws_security_group.ec2",
            "aws_vpc.this",
            "data.aws_ami.amazon_linux",
            "data.aws_iam_policy_document.assume_role"
          ]
        }
      ]
    },
    {
      "mode": "managed",
      "type": "aws_lb",
      "name": "this",
      "provider": "provider[\"registry.terraform.io/hashicorp/aws\"]",
      "instances": [
        {
          "schema_version": 0,
          "attributes": {
            "access_logs": [
              {
                "bucket": "",
                "enabled": false,
                "prefix": ""
              }
            ],
            "arn": "arn:aws:elasticloadbalancing:eu-west-2:805396936170:loadbalancer/app/mvws92023032519503613620000000b/8388bd996c330396",
            "arn_suffix": "app/mvws92023032519503613620000000b/8388bd996c330396",
            "customer_owned_ipv4_pool": "",
            "desync_mitigation_mode": "defensive",
            "dns_name": "mvws92023032519503613620000000b-966781439.eu-west-2.elb.amazonaws.com",
            "drop_invalid_header_fields": false,
            "enable_cross_zone_load_balancing": true,
            "enable_deletion_protection": false,
            "enable_http2": true,
            "enable_tls_version_and_cipher_suite_headers": false,
            "enable_waf_fail_open": false,
            "enable_xff_client_port": false,
            "id": "arn:aws:elasticloadbalancing:eu-west-2:805396936170:loadbalancer/app/mvws92023032519503613620000000b/8388bd996c330396",
            "idle_timeout": 60,
            "internal": false,
            "ip_address_type": "ipv4",
            "load_balancer_type": "application",
            "name": "mvws92023032519503613620000000b",
            "name_prefix": "mvws9",
            "preserve_host_header": false,
            "security_groups": [
              "sg-0e1197819a45e32c2"
            ],
            "subnet_mapping": [
              {
                "allocation_id": "",
                "ipv6_address": "",
                "outpost_id": "",
                "private_ipv4_address": "",
                "subnet_id": "subnet-06f5b7f4073290e0a"
              },
              {
                "allocation_id": "",
                "ipv6_address": "",
                "outpost_id": "",
                "private_ipv4_address": "",
                "subnet_id": "subnet-0c99d2ffdcf5f9f82"
              }
            ],
            "subnets": [
              "subnet-06f5b7f4073290e0a",
              "subnet-0c99d2ffdcf5f9f82"
            ],
            "tags": {
              "Name": "multiverse"
            },
            "tags_all": {
              "Name": "multiverse"
            },
            "timeouts": null,
            "vpc_id": "vpc-07852fed9c330c060",
            "xff_header_processing_mode": "append",
            "zone_id": "ZHURV8PSTC4K8"
          },
          "sensitive_attributes": [],
          "private": "eyJlMmJmYjczMC1lY2FhLTExZTYtOGY4OC0zNDM2M2JjN2M0YzAiOnsiY3JlYXRlIjo2MDAwMDAwMDAwMDAsImRlbGV0ZSI6NjAwMDAwMDAwMDAwLCJ1cGRhdGUiOjYwMDAwMDAwMDAwMH19",
          "dependencies": [
            "aws_security_group.alb",
            "aws_subnet.public",
            "aws_vpc.this",
            "data.aws_availability_zones.eu_west_2"
          ]
        }
      ]
    },
    {
      "mode": "managed",
      "type": "aws_lb_listener",
      "name": "http",
      "provider": "provider[\"registry.terraform.io/hashicorp/aws\"]",
      "instances": [
        {
          "schema_version": 0,
          "attributes": {
            "alpn_policy": null,
            "arn": "arn:aws:elasticloadbalancing:eu-west-2:805396936170:listener/app/mvws92023032519503613620000000b/8388bd996c330396/ef4996e4d67e4bf0",
            "certificate_arn": null,
            "default_action": [
              {
                "authenticate_cognito": [],
                "authenticate_oidc": [],
                "fixed_response": [],
                "forward": [],
                "order": 1,
                "redirect": [],
                "target_group_arn": "arn:aws:elasticloadbalancing:eu-west-2:805396936170:targetgroup/mvws920230325195033864800000006/68c8ed95a2cbe167",
                "type": "forward"
              }
            ],
            "id": "arn:aws:elasticloadbalancing:eu-west-2:805396936170:listener/app/mvws92023032519503613620000000b/8388bd996c330396/ef4996e4d67e4bf0",
            "load_balancer_arn": "arn:aws:elasticloadbalancing:eu-west-2:805396936170:loadbalancer/app/mvws92023032519503613620000000b/8388bd996c330396",
            "port": 80,
            "protocol": "HTTP",
            "ssl_policy": "",
            "tags": null,
            "tags_all": {},
            "timeouts": null
          },
          "sensitive_attributes": [],
          "private": "eyJlMmJmYjczMC1lY2FhLTExZTYtOGY4OC0zNDM2M2JjN2M0YzAiOnsicmVhZCI6NjAwMDAwMDAwMDAwfX0=",
          "dependencies": [
            "aws_lb.this",
            "aws_lb_target_group.http",
            "aws_security_group.alb",
            "aws_subnet.public",
            "aws_vpc.this",
            "data.aws_availability_zones.eu_west_2"
          ]
        }
      ]
    },
    {
      "mode": "managed",
      "type": "aws_lb_target_group",
      "name": "http",
      "provider": "provider[\"registry.terraform.io/hashicorp/aws\"]",
      "instances": [
        {
          "schema_version": 0,
          "attributes": {
            "arn": "arn:aws:elasticloadbalancing:eu-west-2:805396936170:targetgroup/mvws920230325195033864800000006/68c8ed95a2cbe167",
            "arn_suffix": "targetgroup/mvws920230325195033864800000006/68c8ed95a2cbe167",
            "connection_termination": false,
            "deregistration_delay": "0",
            "health_check": [
              {
                "enabled": true,
                "healthy_threshold": 5,
                "interval": 30,
                "matcher": "200",
                "path": "/",
                "port": "traffic-port",
                "protocol": "HTTP",
                "timeout": 5,
                "unhealthy_threshold": 2
              }
            ],
            "id": "arn:aws:elasticloadbalancing:eu-west-2:805396936170:targetgroup/mvws920230325195033864800000006/68c8ed95a2cbe167",
            "ip_address_type": "ipv4",
            "lambda_multi_value_headers_enabled": false,
            "load_balancing_algorithm_type": "round_robin",
            "load_balancing_cross_zone_enabled": "use_load_balancer_configuration",
            "name": "mvws920230325195033864800000006",
            "name_prefix": "mvws9",
            "port": 80,
            "preserve_client_ip": null,
            "protocol": "HTTP",
            "protocol_version": "HTTP1",
            "proxy_protocol_v2": false,
            "slow_start": 0,
            "stickiness": [
              {
                "cookie_duration": 86400,
                "cookie_name": "",
                "enabled": false,
                "type": "lb_cookie"
              }
            ],
            "tags": null,
            "tags_all": {},
            "target_failover": [
              {
                "on_deregistration": null,
                "on_unhealthy": null
              }
            ],
            "target_type": "instance",
            "vpc_id": "vpc-07852fed9c330c060"
          },
          "sensitive_attributes": [],
          "private": "bnVsbA==",
          "dependencies": [
            "aws_vpc.this"
          ]
        }
      ]
    },
    {
      "mode": "managed",
      "type": "aws_route",
      "name": "public",
      "provider": "provider[\"registry.terraform.io/hashicorp/aws\"]",
      "instances": [
        {
          "schema_version": 0,
          "attributes": {
            "carrier_gateway_id": "",
            "core_network_arn": "",
            "destination_cidr_block": "0.0.0.0/0",
            "destination_ipv6_cidr_block": "",
            "destination_prefix_list_id": "",
            "egress_only_gateway_id": "",
            "gateway_id": "igw-0fec3a5a045c7b6ef",
            "id": "r-rtb-0989b8c1cfc50a7d71080289494",
            "instance_id": "",
            "instance_owner_id": "",
            "local_gateway_id": "",
            "nat_gateway_id": "",
            "network_interface_id": "",
            "origin": "CreateRoute",
            "route_table_id": "rtb-0989b8c1cfc50a7d7",
            "state": "active",
            "timeouts": null,
            "transit_gateway_id": "",
            "vpc_endpoint_id": "",
            "vpc_peering_connection_id": ""
          },
          "sensitive_attributes": [],
          "private": "eyJlMmJmYjczMC1lY2FhLTExZTYtOGY4OC0zNDM2M2JjN2M0YzAiOnsiY3JlYXRlIjozMDAwMDAwMDAwMDAsImRlbGV0ZSI6MzAwMDAwMDAwMDAwLCJ1cGRhdGUiOjEyMDAwMDAwMDAwMH19",
          "dependencies": [
            "aws_internet_gateway.this",
            "aws_route_table.public",
            "aws_vpc.this"
          ]
        }
      ]
    },
    {
      "mode": "managed",
      "type": "aws_route_table",
      "name": "public",
      "provider": "provider[\"registry.terraform.io/hashicorp/aws\"]",
      "instances": [
        {
          "schema_version": 0,
          "attributes": {
            "arn": "arn:aws:ec2:eu-west-2:805396936170:route-table/rtb-0989b8c1cfc50a7d7",
            "id": "rtb-0989b8c1cfc50a7d7",
            "owner_id": "805396936170",
            "propagating_vgws": [],
            "route": [],
            "tags": {
              "Name": "multiverse-public"
            },
            "tags_all": {
              "Name": "multiverse-public"
            },
            "timeouts": null,
            "vpc_id": "vpc-07852fed9c330c060"
          },
          "sensitive_attributes": [],
          "private": "eyJlMmJmYjczMC1lY2FhLTExZTYtOGY4OC0zNDM2M2JjN2M0YzAiOnsiY3JlYXRlIjozMDAwMDAwMDAwMDAsImRlbGV0ZSI6MzAwMDAwMDAwMDAwLCJ1cGRhdGUiOjEyMDAwMDAwMDAwMH19",
          "dependencies": [
            "aws_vpc.this"
          ]
        }
      ]
    },
    {
      "mode": "managed",
      "type": "aws_route_table_association",
      "name": "public",
      "provider": "provider[\"registry.terraform.io/hashicorp/aws\"]",
      "instances": [
        {
          "index_key": "1",
          "schema_version": 0,
          "attributes": {
            "gateway_id": "",
            "id": "rtbassoc-01eb5cc506cc93261",
            "route_table_id": "rtb-0989b8c1cfc50a7d7",
            "subnet_id": "subnet-06f5b7f4073290e0a"
          },
          "sensitive_attributes": [],
          "private": "bnVsbA==",
          "dependencies": [
            "aws_route_table.public",
            "aws_subnet.public",
            "aws_vpc.this",
            "data.aws_availability_zones.eu_west_2"
          ]
        },
        {
          "index_key": "2",
          "schema_version": 0,
          "attributes": {
            "gateway_id": "",
            "id": "rtbassoc-005f021acb23a200a",
            "route_table_id": "rtb-0989b8c1cfc50a7d7",
            "subnet_id": "subnet-0c99d2ffdcf5f9f82"
          },
          "sensitive_attributes": [],
          "private": "bnVsbA==",
          "dependencies": [
            "aws_route_table.public",
            "aws_subnet.public",
            "aws_vpc.this",
            "data.aws_availability_zones.eu_west_2"
          ]
        }
      ]
    },
    {
      "mode": "managed",
      "type": "aws_s3_bucket",
      "name": "this",
      "provider": "provider[\"registry.terraform.io/hashicorp/aws\"]",
      "instances": [
        {
          "schema_version": 0,
          "attributes": {
            "acceleration_status": "",
            "acl": null,
            "arn": "arn:aws:s3:::mvws9-claire20230325195019974300000003",
            "bucket": "mvws9-claire20230325195019974300000003",
            "bucket_domain_name": "mvws9-claire20230325195019974300000003.s3.amazonaws.com",
            "bucket_prefix": "mvws9-claire",
            "bucket_regional_domain_name": "mvws9-claire20230325195019974300000003.s3.eu-west-2.amazonaws.com",
            "cors_rule": [],
            "force_destroy": true,
            "grant": [
              {
                "id": "8812b51c15b4377c1c30c0ce2b43086b6360fc68dfbea73eb84a3dc948fc2476",
                "permissions": [
                  "FULL_CONTROL"
                ],
                "type": "CanonicalUser",
                "uri": ""
              }
            ],
            "hosted_zone_id": "Z3GKZC51ZF0DB4",
            "id": "mvws9-claire20230325195019974300000003",
            "lifecycle_rule": [],
            "logging": [],
            "object_lock_configuration": [],
            "object_lock_enabled": false,
            "policy": "",
            "region": "eu-west-2",
            "replication_configuration": [],
            "request_payer": "BucketOwner",
            "server_side_encryption_configuration": [
              {
                "rule": [
                  {
                    "apply_server_side_encryption_by_default": [
                      {
                        "kms_master_key_id": "",
                        "sse_algorithm": "AES256"
                      }
                    ],
                    "bucket_key_enabled": false
                  }
                ]
              }
            ],
            "tags": {
              "Name": "multiverse"
            },
            "tags_all": {
              "Name": "multiverse"
            },
            "timeouts": null,
            "versioning": [
              {
                "enabled": false,
                "mfa_delete": false
              }
            ],
            "website": [],
            "website_domain": null,
            "website_endpoint": null
          },
          "sensitive_attributes": [],
          "private": "eyJlMmJmYjczMC1lY2FhLTExZTYtOGY4OC0zNDM2M2JjN2M0YzAiOnsiY3JlYXRlIjoxMjAwMDAwMDAwMDAwLCJkZWxldGUiOjM2MDAwMDAwMDAwMDAsInJlYWQiOjEyMDAwMDAwMDAwMDAsInVwZGF0ZSI6MTIwMDAwMDAwMDAwMH19"
        }
      ]
    },
    {
      "mode": "managed",
      "type": "aws_s3_bucket_acl",
      "name": "this",
      "provider": "provider[\"registry.terraform.io/hashicorp/aws\"]",
      "instances": [
        {
          "schema_version": 0,
          "attributes": {
            "access_control_policy": [
              {
                "grant": [
                  {
                    "grantee": [
                      {
                        "display_name": "",
                        "email_address": "",
                        "id": "8812b51c15b4377c1c30c0ce2b43086b6360fc68dfbea73eb84a3dc948fc2476",
                        "type": "CanonicalUser",
                        "uri": ""
                      }
                    ],
                    "permission": "FULL_CONTROL"
                  }
                ],
                "owner": [
                  {
                    "display_name": "",
                    "id": "8812b51c15b4377c1c30c0ce2b43086b6360fc68dfbea73eb84a3dc948fc2476"
                  }
                ]
              }
            ],
            "acl": "private",
            "bucket": "mvws9-claire20230325195019974300000003",
            "expected_bucket_owner": "",
            "id": "mvws9-claire20230325195019974300000003,private"
          },
          "sensitive_attributes": [],
          "private": "bnVsbA==",
          "dependencies": [
            "aws_s3_bucket.this"
          ]
        }
      ]
    },
    {
      "mode": "managed",
      "type": "aws_s3_object",
      "name": "this",
      "provider": "provider[\"registry.terraform.io/hashicorp/aws\"]",
      "instances": [
        {
          "schema_version": 0,
          "attributes": {
            "acl": "private",
            "bucket": "mvws9-claire20230325195019974300000003",
            "bucket_key_enabled": false,
            "cache_control": "",
            "content": null,
            "content_base64": null,
            "content_disposition": "",
            "content_encoding": "",
            "content_language": "",
            "content_type": "binary/octet-stream",
            "etag": "f2b1d12d5cbcee7cc8ada5b36f3b30d5",
            "force_destroy": false,
            "id": "results.csv",
            "key": "results.csv",
            "kms_key_id": null,
            "metadata": null,
            "object_lock_legal_hold_status": "",
            "object_lock_mode": "",
            "object_lock_retain_until_date": "",
            "server_side_encryption": "AES256",
            "source": "./results.csv",
            "source_hash": null,
            "storage_class": "STANDARD",
            "tags": null,
            "tags_all": {},
            "version_id": "",
            "website_redirect": ""
          },
          "sensitive_attributes": [],
          "private": "bnVsbA==",
          "dependencies": [
            "aws_s3_bucket.this"
          ]
        }
      ]
    },
    {
      "mode": "managed",
      "type": "aws_security_group",
      "name": "alb",
      "provider": "provider[\"registry.terraform.io/hashicorp/aws\"]",
      "instances": [
        {
          "schema_version": 1,
          "attributes": {
            "arn": "arn:aws:ec2:eu-west-2:805396936170:security-group/sg-0e1197819a45e32c2",
            "description": "Managed by Terraform",
            "egress": [],
            "id": "sg-0e1197819a45e32c2",
            "ingress": [],
            "name": "mvws9-alb20230325195033863800000005",
            "name_prefix": "mvws9-alb",
            "owner_id": "805396936170",
            "revoke_rules_on_delete": true,
            "tags": {
              "Name": "multiverse-alb"
            },
            "tags_all": {
              "Name": "multiverse-alb"
            },
            "timeouts": null,
            "vpc_id": "vpc-07852fed9c330c060"
          },
          "sensitive_attributes": [],
          "private": "eyJlMmJmYjczMC1lY2FhLTExZTYtOGY4OC0zNDM2M2JjN2M0YzAiOnsiY3JlYXRlIjo2MDAwMDAwMDAwMDAsImRlbGV0ZSI6OTAwMDAwMDAwMDAwfSwic2NoZW1hX3ZlcnNpb24iOiIxIn0=",
          "dependencies": [
            "aws_vpc.this"
          ]
        }
      ]
    },
    {
      "mode": "managed",
      "type": "aws_security_group",
      "name": "ec2",
      "provider": "provider[\"registry.terraform.io/hashicorp/aws\"]",
      "instances": [
        {
          "schema_version": 1,
          "attributes": {
            "arn": "arn:aws:ec2:eu-west-2:805396936170:security-group/sg-00869fddb60e373b5",
            "description": "Managed by Terraform",
            "egress": [],
            "id": "sg-00869fddb60e373b5",
            "ingress": [],
            "name": "mvws9-ec220230325195033865600000007",
            "name_prefix": "mvws9-ec2",
            "owner_id": "805396936170",
            "revoke_rules_on_delete": true,
            "tags": {
              "Name": "multiverse-ec2"
            },
            "tags_all": {
              "Name": "multiverse-ec2"
            },
            "timeouts": null,
            "vpc_id": "vpc-07852fed9c330c060"
          },
          "sensitive_attributes": [],
          "private": "eyJlMmJmYjczMC1lY2FhLTExZTYtOGY4OC0zNDM2M2JjN2M0YzAiOnsiY3JlYXRlIjo2MDAwMDAwMDAwMDAsImRlbGV0ZSI6OTAwMDAwMDAwMDAwfSwic2NoZW1hX3ZlcnNpb24iOiIxIn0=",
          "dependencies": [
            "aws_vpc.this"
          ]
        }
      ]
    },
    {
      "mode": "managed",
      "type": "aws_security_group_rule",
      "name": "alb_from_web_ingress",
      "provider": "provider[\"registry.terraform.io/hashicorp/aws\"]",
      "instances": [
        {
          "schema_version": 2,
          "attributes": {
            "cidr_blocks": [
              "0.0.0.0/0"
            ],
            "description": null,
            "from_port": 80,
            "id": "sgrule-4284136967",
            "ipv6_cidr_blocks": null,
            "prefix_list_ids": null,
            "protocol": "tcp",
            "security_group_id": "sg-0e1197819a45e32c2",
            "security_group_rule_id": "sgr-025aef0d0bda48a5d",
            "self": false,
            "source_security_group_id": null,
            "timeouts": null,
            "to_port": 80,
            "type": "ingress"
          },
          "sensitive_attributes": [],
          "private": "eyJlMmJmYjczMC1lY2FhLTExZTYtOGY4OC0zNDM2M2JjN2M0YzAiOnsiY3JlYXRlIjozMDAwMDAwMDAwMDB9LCJzY2hlbWFfdmVyc2lvbiI6IjIifQ==",
          "dependencies": [
            "aws_security_group.alb",
            "aws_vpc.this"
          ]
        }
      ]
    },
    {
      "mode": "managed",
      "type": "aws_security_group_rule",
      "name": "alb_to_ec2_egress",
      "provider": "provider[\"registry.terraform.io/hashicorp/aws\"]",
      "instances": [
        {
          "schema_version": 2,
          "attributes": {
            "cidr_blocks": null,
            "description": null,
            "from_port": 80,
            "id": "sgrule-484276203",
            "ipv6_cidr_blocks": null,
            "prefix_list_ids": null,
            "protocol": "tcp",
            "security_group_id": "sg-0e1197819a45e32c2",
            "security_group_rule_id": "sgr-0d66d63759e32807a",
            "self": false,
            "source_security_group_id": "sg-00869fddb60e373b5",
            "timeouts": null,
            "to_port": 80,
            "type": "egress"
          },
          "sensitive_attributes": [],
          "private": "eyJlMmJmYjczMC1lY2FhLTExZTYtOGY4OC0zNDM2M2JjN2M0YzAiOnsiY3JlYXRlIjozMDAwMDAwMDAwMDB9LCJzY2hlbWFfdmVyc2lvbiI6IjIifQ==",
          "dependencies": [
            "aws_security_group.alb",
            "aws_security_group.ec2",
            "aws_vpc.this"
          ]
        }
      ]
    },
    {
      "mode": "managed",
      "type": "aws_security_group_rule",
      "name": "ec2_from_alb_ingress",
      "provider": "provider[\"registry.terraform.io/hashicorp/aws\"]",
      "instances": [
        {
          "schema_version": 2,
          "attributes": {
            "cidr_blocks": null,
            "description": null,
            "from_port": 80,
            "id": "sgrule-1751200900",
            "ipv6_cidr_blocks": null,
            "prefix_list_ids": null,
            "protocol": "tcp",
            "security_group_id": "sg-00869fddb60e373b5",
            "security_group_rule_id": "sgr-0e2b468e726f5f4d9",
            "self": false,
            "source_security_group_id": "sg-0e1197819a45e32c2",
            "timeouts": null,
            "to_port": 80,
            "type": "ingress"
          },
          "sensitive_attributes": [],
          "private": "eyJlMmJmYjczMC1lY2FhLTExZTYtOGY4OC0zNDM2M2JjN2M0YzAiOnsiY3JlYXRlIjozMDAwMDAwMDAwMDB9LCJzY2hlbWFfdmVyc2lvbiI6IjIifQ==",
          "dependencies": [
            "aws_security_group.alb",
            "aws_security_group.ec2",
            "aws_vpc.this"
          ]
        }
      ]
    },
    {
      "mode": "managed",
      "type": "aws_security_group_rule",
      "name": "ec2_to_web_egress",
      "provider": "provider[\"registry.terraform.io/hashicorp/aws\"]",
      "instances": [
        {
          "schema_version": 2,
          "attributes": {
            "cidr_blocks": [
              "0.0.0.0/0"
            ],
            "description": null,
            "from_port": 0,
            "id": "sgrule-1663919100",
            "ipv6_cidr_blocks": null,
            "prefix_list_ids": null,
            "protocol": "tcp",
            "security_group_id": "sg-00869fddb60e373b5",
            "security_group_rule_id": "sgr-0a65ce1895a212f26",
            "self": false,
            "source_security_group_id": null,
            "timeouts": null,
            "to_port": 65535,
            "type": "egress"
          },
          "sensitive_attributes": [],
          "private": "eyJlMmJmYjczMC1lY2FhLTExZTYtOGY4OC0zNDM2M2JjN2M0YzAiOnsiY3JlYXRlIjozMDAwMDAwMDAwMDB9LCJzY2hlbWFfdmVyc2lvbiI6IjIifQ==",
          "dependencies": [
            "aws_security_group.ec2",
            "aws_vpc.this"
          ]
        }
      ]
    },
    {
      "mode": "managed",
      "type": "aws_subnet",
      "name": "public",
      "provider": "provider[\"registry.terraform.io/hashicorp/aws\"]",
      "instances": [
        {
          "index_key": "1",
          "schema_version": 1,
          "attributes": {
            "arn": "arn:aws:ec2:eu-west-2:805396936170:subnet/subnet-06f5b7f4073290e0a",
            "assign_ipv6_address_on_creation": false,
            "availability_zone": "eu-west-2b",
            "availability_zone_id": "euw2-az3",
            "cidr_block": "10.0.1.0/24",
            "customer_owned_ipv4_pool": "",
            "enable_dns64": false,
            "enable_resource_name_dns_a_record_on_launch": false,
            "enable_resource_name_dns_aaaa_record_on_launch": false,
            "id": "subnet-06f5b7f4073290e0a",
            "ipv6_cidr_block": "",
            "ipv6_cidr_block_association_id": "",
            "ipv6_native": false,
            "map_customer_owned_ip_on_launch": false,
            "map_public_ip_on_launch": false,
            "outpost_arn": "",
            "owner_id": "805396936170",
            "private_dns_hostname_type_on_launch": "ip-name",
            "tags": {
              "Name": "multiverse-1"
            },
            "tags_all": {
              "Name": "multiverse-1"
            },
            "timeouts": null,
            "vpc_id": "vpc-07852fed9c330c060"
          },
          "sensitive_attributes": [],
          "private": "eyJlMmJmYjczMC1lY2FhLTExZTYtOGY4OC0zNDM2M2JjN2M0YzAiOnsiY3JlYXRlIjo2MDAwMDAwMDAwMDAsImRlbGV0ZSI6MTIwMDAwMDAwMDAwMH0sInNjaGVtYV92ZXJzaW9uIjoiMSJ9",
          "dependencies": [
            "aws_vpc.this",
            "data.aws_availability_zones.eu_west_2"
          ]
        },
        {
          "index_key": "2",
          "schema_version": 1,
          "attributes": {
            "arn": "arn:aws:ec2:eu-west-2:805396936170:subnet/subnet-0c99d2ffdcf5f9f82",
            "assign_ipv6_address_on_creation": false,
            "availability_zone": "eu-west-2c",
            "availability_zone_id": "euw2-az1",
            "cidr_block": "10.0.2.0/24",
            "customer_owned_ipv4_pool": "",
            "enable_dns64": false,
            "enable_resource_name_dns_a_record_on_launch": false,
            "enable_resource_name_dns_aaaa_record_on_launch": false,
            "id": "subnet-0c99d2ffdcf5f9f82",
            "ipv6_cidr_block": "",
            "ipv6_cidr_block_association_id": "",
            "ipv6_native": false,
            "map_customer_owned_ip_on_launch": false,
            "map_public_ip_on_launch": false,
            "outpost_arn": "",
            "owner_id": "805396936170",
            "private_dns_hostname_type_on_launch": "ip-name",
            "tags": {
              "Name": "multiverse-2"
            },
            "tags_all": {
              "Name": "multiverse-2"
            },
            "timeouts": null,
            "vpc_id": "vpc-07852fed9c330c060"
          },
          "sensitive_attributes": [],
          "private": "eyJlMmJmYjczMC1lY2FhLTExZTYtOGY4OC0zNDM2M2JjN2M0YzAiOnsiY3JlYXRlIjo2MDAwMDAwMDAwMDAsImRlbGV0ZSI6MTIwMDAwMDAwMDAwMH0sInNjaGVtYV92ZXJzaW9uIjoiMSJ9",
          "dependencies": [
            "aws_vpc.this",
            "data.aws_availability_zones.eu_west_2"
          ]
        }
      ]
    },
    {
      "mode": "managed",
      "type": "aws_vpc",
      "name": "this",
      "provider": "provider[\"registry.terraform.io/hashicorp/aws\"]",
      "instances": [
        {
          "schema_version": 1,
          "attributes": {
            "arn": "arn:aws:ec2:eu-west-2:805396936170:vpc/vpc-07852fed9c330c060",
            "assign_generated_ipv6_cidr_block": false,
            "cidr_block": "10.0.0.0/16",
            "default_network_acl_id": "acl-0183ad11c5048b65d",
            "default_route_table_id": "rtb-0df6e2048129c2bd2",
            "default_security_group_id": "sg-03afb0691894bf433",
            "dhcp_options_id": "dopt-0381055f61c483954",
            "enable_classiclink": false,
            "enable_classiclink_dns_support": false,
            "enable_dns_hostnames": true,
            "enable_dns_support": true,
            "enable_network_address_usage_metrics": false,
            "id": "vpc-07852fed9c330c060",
            "instance_tenancy": "default",
            "ipv4_ipam_pool_id": null,
            "ipv4_netmask_length": null,
            "ipv6_association_id": "",
            "ipv6_cidr_block": "",
            "ipv6_cidr_block_network_border_group": "",
            "ipv6_ipam_pool_id": "",
            "ipv6_netmask_length": 0,
            "main_route_table_id": "rtb-0df6e2048129c2bd2",
            "owner_id": "805396936170",
            "tags": {
              "Name": "multiverse"
            },
            "tags_all": {
              "Name": "multiverse"
            }
          },
          "sensitive_attributes": [],
          "private": "eyJzY2hlbWFfdmVyc2lvbiI6IjEifQ=="
        }
      ]
    },
    {
      "mode": "managed",
      "type": "aws_vpc_endpoint",
      "name": "s3",
      "provider": "provider[\"registry.terraform.io/hashicorp/aws\"]",
      "instances": [
        {
          "schema_version": 0,
          "attributes": {
            "arn": "arn:aws:ec2:eu-west-2:805396936170:vpc-endpoint/vpce-0adf99e14b8aa6459",
            "auto_accept": null,
            "cidr_blocks": [
              "52.95.150.0/24",
              "52.95.191.0/24",
              "52.95.142.0/23",
              "16.12.16.0/23",
              "3.5.244.0/22",
              "52.219.219.0/24",
              "52.95.144.0/24",
              "52.95.148.0/23",
              "16.12.15.0/24"
            ],
            "dns_entry": [],
            "dns_options": [],
            "id": "vpce-0adf99e14b8aa6459",
            "ip_address_type": "",
            "network_interface_ids": [],
            "owner_id": "805396936170",
            "policy": "{\"Statement\":[{\"Action\":\"*\",\"Effect\":\"Allow\",\"Principal\":\"*\",\"Resource\":\"*\"}],\"Version\":\"2008-10-17\"}",
            "prefix_list_id": "pl-7ca54015",
            "private_dns_enabled": false,
            "requester_managed": false,
            "route_table_ids": [],
            "security_group_ids": [],
            "service_name": "com.amazonaws.eu-west-2.s3",
            "state": "available",
            "subnet_ids": [],
            "tags": {
              "Name": "multiverse"
            },
            "tags_all": {
              "Name": "multiverse"
            },
            "timeouts": null,
            "vpc_endpoint_type": "Gateway",
            "vpc_id": "vpc-07852fed9c330c060"
          },
          "sensitive_attributes": [],
          "private": "eyJlMmJmYjczMC1lY2FhLTExZTYtOGY4OC0zNDM2M2JjN2M0YzAiOnsiY3JlYXRlIjo2MDAwMDAwMDAwMDAsImRlbGV0ZSI6NjAwMDAwMDAwMDAwLCJ1cGRhdGUiOjYwMDAwMDAwMDAwMH19",
          "dependencies": [
            "aws_vpc.this"
          ]
        }
      ]
    },
    {
      "mode": "managed",
      "type": "aws_vpc_endpoint_route_table_association",
      "name": "this",
      "provider": "provider[\"registry.terraform.io/hashicorp/aws\"]",
      "instances": [
        {
          "schema_version": 0,
          "attributes": {
            "id": "a-vpce-0adf99e14b8aa64593145064942",
            "route_table_id": "rtb-0989b8c1cfc50a7d7",
            "vpc_endpoint_id": "vpce-0adf99e14b8aa6459"
          },
          "sensitive_attributes": [],
          "private": "bnVsbA==",
          "dependencies": [
            "aws_route_table.public",
            "aws_vpc.this",
            "aws_vpc_endpoint.s3"
          ]
        }
      ]
    }
  ],
  "check_results": null
}
